{
  "name": "thenewwiki",
  "version": "1.0.0",
  "lockfileVersion": 1,
  "requires": true,
  "dependencies": {
    "@types/command-line-args": {
      "version": "5.0.0",
      "resolved": "https://registry.npm.taobao.org/@types/command-line-args/download/@types/command-line-args-5.0.0.tgz",
      "integrity": "sha1-SE5wTSDbuHVKjwke7kXN0ivP8ow="
    },
    "@types/node": {
      "version": "13.1.4",
      "resolved": "https://registry.npm.taobao.org/@types/node/download/@types/node-13.1.4.tgz?cache=0&sync_timestamp=1578094594267&other_urls=https%3A%2F%2Fregistry.npm.taobao.org%2F%40types%2Fnode%2Fdownload%2F%40types%2Fnode-13.1.4.tgz",
      "integrity": "sha1-TP2QF1ogDumwK9axzRm8NJdBYH4=",
      "dev": true
    },
    "array-back": {
      "version": "3.1.0",
      "resolved": "https://registry.npm.taobao.org/array-back/download/array-back-3.1.0.tgz",
      "integrity": "sha1-uIWdelCIccmnss9C+ZQo9l6Wv7A="
    },
    "command-line-args": {
      "version": "5.1.1",
      "resolved": "https://registry.npm.taobao.org/command-line-args/download/command-line-args-5.1.1.tgz",
      "integrity": "sha1-iOeT5bs86zB1SoaGPwQBrJL9Npo=",
      "requires": {
        "array-back": "^3.0.1",
        "find-replace": "^3.0.0",
        "lodash.camelcase": "^4.3.0",
        "typical": "^4.0.0"
      }
    },
    "find-replace": {
      "version": "3.0.0",
      "resolved": "https://registry.npm.taobao.org/find-replace/download/find-replace-3.0.0.tgz",
      "integrity": "sha1-Pn4j07BRZ6dvdwyfvVJYsN72jDg=",
      "requires": {
        "array-back": "^3.0.1"
      }
    },
    "lodash.camelcase": {
      "version": "4.3.0",
      "resolved": "https://registry.npm.taobao.org/lodash.camelcase/download/lodash.camelcase-4.3.0.tgz",
      "integrity": "sha1-soqmKIorn8ZRA1x3EfZathkDMaY="
    },
    "typescript": {
      "version": "3.7.4",
      "resolved": "https://registry.npm.taobao.org/typescript/download/typescript-3.7.4.tgz",
      "integrity": "sha1-F0Ol7F/vah+p8+RwjjPIHHOHbBk=",
      "dev": true
    },
    "typical": {
      "version": "4.0.0",
      "resolved": "https://registry.npm.taobao.org/typical/download/typical-4.0.0.tgz",
      "integrity": "sha1-y+r/O5164eK7+vWk5vEezP3pT8Q="
    }
  }
}
